<Solution>
  <Configurations>
    <Platform Name="Any CPU" />
    <Platform Name="x64" />
    <Platform Name="x86" />
  </Configurations>
  <Project Path="Client/FileTransferazor.Client.csproj" />
  <Project Path="Server/FileTransferazor.Server.csproj" />
  <Project Path="Shared/FileTransferazor.Shared.csproj" />
</Solution>
